
Microsoft Visual Studio Solution File, Format Version 12.00
# Visual Studio Version 17
VisualStudioVersion = 17.7.34031.279
MinimumVisualStudioVersion = 10.0.40219.1
Project("{FAE04EC0-301F-11D3-BF4B-00C04F79EFBC}") = "MvcTienda", "MvcTienda\MvcTienda.csproj", "{EAC05A15-18BE-496E-BB42-9C3E78678801}"
EndProject
Global
	GlobalSection(SolutionConfigurationPlatforms) = preSolution
		Debug|Any CPU = Debug|Any CPU
		Release|Any CPU = Release|Any CPU
	EndGlobalSection
	GlobalSection(ProjectConfigurationPlatforms) = postSolution
		{EAC05A15-18BE-496E-BB42-9C3E78678801}.Debug|Any CPU.ActiveCfg = Debug|Any CPU
		{EAC05A15-18BE-496E-BB42-9C3E78678801}.Debug|Any CPU.Build.0 = Debug|Any CPU
		{EAC05A15-18BE-496E-BB42-9C3E78678801}.Release|Any CPU.ActiveCfg = Release|Any CPU
		{EAC05A15-18BE-496E-BB42-9C3E78678801}.Release|Any CPU.Build.0 = Release|Any CPU
	EndGlobalSection
	GlobalSection(SolutionProperties) = preSolution
		HideSolutionNode = FALSE
	EndGlobalSection
	GlobalSection(ExtensibilityGlobals) = postSolution
		SolutionGuid = {5D27DB5F-1D0B-41A1-BBB8-C903ED463251}
	EndGlobalSection
EndGlobal
